
Microsoft Visual Studio Solution File, Format Version 12.00
# Visual Studio Version 17
VisualStudioVersion = 17.4.33213.308
MinimumVisualStudioVersion = 10.0.40219.1
Project("{FAE04EC0-301F-11D3-BF4B-00C04F79EFBC}") = "test", "test.csproj", "{653409C1-59DB-4A17-B7AD-988D38B5D815}"
EndProject
Global
	GlobalSection(SolutionConfigurationPlatforms) = preSolution
		Debug|Any CPU = Debug|Any CPU
		Release|Any CPU = Release|Any CPU
	EndGlobalSection
	GlobalSection(ProjectConfigurationPlatforms) = postSolution
		{653409C1-59DB-4A17-B7AD-988D38B5D815}.Debug|Any CPU.ActiveCfg = Debug|Any CPU
		{653409C1-59DB-4A17-B7AD-988D38B5D815}.Debug|Any CPU.Build.0 = Debug|Any CPU
		{653409C1-59DB-4A17-B7AD-988D38B5D815}.Release|Any CPU.ActiveCfg = Release|Any CPU
		{653409C1-59DB-4A17-B7AD-988D38B5D815}.Release|Any CPU.Build.0 = Release|Any CPU
	EndGlobalSection
	GlobalSection(SolutionProperties) = preSolution
		HideSolutionNode = FALSE
	EndGlobalSection
	GlobalSection(ExtensibilityGlobals) = postSolution
		SolutionGuid = {EC929ECE-36BB-4F39-8E5B-DE099E26B3A4}
	EndGlobalSection
EndGlobal
